
Microsoft Visual Studio Solution File, Format Version 12.00
# Visual Studio Version 16
VisualStudioVersion = 16.0.30114.105
MinimumVisualStudioVersion = 10.0.40219.1
Project("{888888A0-9F3D-457C-B088-3A5042F75D52}") = "D_myBlog", "D_myBlog\D_myBlog.pyproj", "{C23C4201-7C91-4BC0-AD4C-E3AD33CEAF0A}"
EndProject
Global
	GlobalSection(SolutionConfigurationPlatforms) = preSolution
		Debug|Any CPU = Debug|Any CPU
		Release|Any CPU = Release|Any CPU
	EndGlobalSection
	GlobalSection(ProjectConfigurationPlatforms) = postSolution
		{C23C4201-7C91-4BC0-AD4C-E3AD33CEAF0A}.Debug|Any CPU.ActiveCfg = Debug|Any CPU
		{C23C4201-7C91-4BC0-AD4C-E3AD33CEAF0A}.Debug|Any CPU.Build.0 = Debug|Any CPU
		{C23C4201-7C91-4BC0-AD4C-E3AD33CEAF0A}.Release|Any CPU.ActiveCfg = Release|Any CPU
		{C23C4201-7C91-4BC0-AD4C-E3AD33CEAF0A}.Release|Any CPU.Build.0 = Release|Any CPU
	EndGlobalSection
	GlobalSection(SolutionProperties) = preSolution
		HideSolutionNode = FALSE
	EndGlobalSection
	GlobalSection(ExtensibilityGlobals) = postSolution
		SolutionGuid = {A7FB75CF-0F52-4337-9505-FB2E1E3BF834}
	EndGlobalSection
EndGlobal
